
Microsoft Visual Studio Solution File, Format Version 12.00
# Visual Studio Version 17
VisualStudioVersion = 17.1.32210.238
MinimumVisualStudioVersion = 10.0.40219.1
Project("{FAE04EC0-301F-11D3-BF4B-00C04F79EFBC}") = "Fordon", "Fordon\Fordon.csproj", "{0569D248-1A2B-4F99-B660-376B13F3AEB5}"
EndProject
Global
	GlobalSection(SolutionConfigurationPlatforms) = preSolution
		Debug|Any CPU = Debug|Any CPU
		Release|Any CPU = Release|Any CPU
	EndGlobalSection
	GlobalSection(ProjectConfigurationPlatforms) = postSolution
		{0569D248-1A2B-4F99-B660-376B13F3AEB5}.Debug|Any CPU.ActiveCfg = Debug|Any CPU
		{0569D248-1A2B-4F99-B660-376B13F3AEB5}.Debug|Any CPU.Build.0 = Debug|Any CPU
		{0569D248-1A2B-4F99-B660-376B13F3AEB5}.Release|Any CPU.ActiveCfg = Release|Any CPU
		{0569D248-1A2B-4F99-B660-376B13F3AEB5}.Release|Any CPU.Build.0 = Release|Any CPU
	EndGlobalSection
	GlobalSection(SolutionProperties) = preSolution
		HideSolutionNode = FALSE
	EndGlobalSection
	GlobalSection(ExtensibilityGlobals) = postSolution
		SolutionGuid = {D8691896-DF9E-407B-8075-DA806C578D4F}
	EndGlobalSection
EndGlobal
